
Microsoft Visual Studio Solution File, Format Version 12.00
Project("{FAE04EC0-301F-11D3-BF4B-00C04F79EFBC}") = "RegexBox", "RegexBox\RegexBox.csproj", "{54353AC9-A2A0-4DB1-B019-AC0B770D524A}"
EndProject
Project("{FAE04EC0-301F-11D3-BF4B-00C04F79EFBC}") = "RegexBoxTests", "RegexBoxTests\RegexBoxTests.csproj", "{D11E0003-8B29-4554-8A8A-5214E9285202}"
EndProject
Global
	GlobalSection(SolutionConfigurationPlatforms) = preSolution
		Debug|Any CPU = Debug|Any CPU
		Release|Any CPU = Release|Any CPU
	EndGlobalSection
	GlobalSection(ProjectConfigurationPlatforms) = postSolution
		{54353AC9-A2A0-4DB1-B019-AC0B770D524A}.Debug|Any CPU.ActiveCfg = Debug|Any CPU
		{54353AC9-A2A0-4DB1-B019-AC0B770D524A}.Debug|Any CPU.Build.0 = Debug|Any CPU
		{54353AC9-A2A0-4DB1-B019-AC0B770D524A}.Release|Any CPU.ActiveCfg = Release|Any CPU
		{54353AC9-A2A0-4DB1-B019-AC0B770D524A}.Release|Any CPU.Build.0 = Release|Any CPU
		{D11E0003-8B29-4554-8A8A-5214E9285202}.Debug|Any CPU.ActiveCfg = Debug|Any CPU
		{D11E0003-8B29-4554-8A8A-5214E9285202}.Debug|Any CPU.Build.0 = Debug|Any CPU
		{D11E0003-8B29-4554-8A8A-5214E9285202}.Release|Any CPU.ActiveCfg = Release|Any CPU
		{D11E0003-8B29-4554-8A8A-5214E9285202}.Release|Any CPU.Build.0 = Release|Any CPU
	EndGlobalSection
EndGlobal
